// !$*UTF8*$!
{
	archiveVersion = 1;
	classes = {
	};
	objectVersion = 46;
	objects = {

/* Begin PBXBuildFile section */
		4D786F6D0EFD616900443870 /* Hands in Resources */ = {isa = PBXBuildFile; fileRef = 4D786F5C0EFD616900443870 /* Hands */; };
		4D79A81417946D6800FB5BAB /* MainMenu.xib in Resources */ = {isa = PBXBuildFile; fileRef = 4D79A80717946D6800FB5BAB /* MainMenu.xib */; };
		4D79A81517946D6800FB5BAB /* fingerprint1.png in Resources */ = {isa = PBXBuildFile; fileRef = 4D79A80917946D6800FB5BAB /* fingerprint1.png */; };
		4D79A81617946D6800FB5BAB /* HandBundleIcon.icns in Resources */ = {isa = PBXBuildFile; fileRef = 4D79A80A17946D6800FB5BAB /* HandBundleIcon.icns */; };
		4D79A82017946DBE00FB5BAB /* main.m in Sources */ = {isa = PBXBuildFile; fileRef = 4D79A81F17946DBE00FB5BAB /* main.m */; };
		4D79A82217946E2800FB5BAB /* iPhoneFinger.icns in Resources */ = {isa = PBXBuildFile; fileRef = 4D79A82117946E2800FB5BAB /* iPhoneFinger.icns */; };
		4D79A82317946EFB00FB5BAB /* PFAppDelegate.m in Sources */ = {isa = PBXBuildFile; fileRef = 4D79A7FD17946D4700FB5BAB /* PFAppDelegate.m */; };
		4D79A82417946F0400FB5BAB /* PFFingerprintWindow.m in Sources */ = {isa = PBXBuildFile; fileRef = 4D79A7FF17946D4700FB5BAB /* PFFingerprintWindow.m */; };
		4D79A82517946F0400FB5BAB /* PFHand.m in Sources */ = {isa = PBXBuildFile; fileRef = 4D79A80117946D4700FB5BAB /* PFHand.m */; };
		4D79A82617946F0400FB5BAB /* PFHandWindow.m in Sources */ = {isa = PBXBuildFile; fileRef = 4D79A80317946D4700FB5BAB /* PFHandWindow.m */; };
		4D79A82717946F0400FB5BAB /* NSImage+ProportionalScaling.m in Sources */ = {isa = PBXBuildFile; fileRef = 4D79A7F717946D2700FB5BAB /* NSImage+ProportionalScaling.m */; };
		4D79A82817946F0400FB5BAB /* NSWindow+Transforms.m in Sources */ = {isa = PBXBuildFile; fileRef = 4D79A7F917946D3300FB5BAB /* NSWindow+Transforms.m */; };
		4D79A82A17946F2800FB5BAB /* PhoneFinger Help in Resources */ = {isa = PBXBuildFile; fileRef = 4D79A82917946F2800FB5BAB /* PhoneFinger Help */; };
		8D11072F0486CEB800E47090 /* Cocoa.framework in Frameworks */ = {isa = PBXBuildFile; fileRef = 1058C7A1FEA54F0111CA2CBB /* Cocoa.framework */; };
/* End PBXBuildFile section */

/* Begin PBXCopyFilesBuildPhase section */
		4DF381E90DF9F9D60095214E /* CopyFiles */ = {
			isa = PBXCopyFilesBuildPhase;
			buildActionMask = 2147483647;
			dstPath = "";
			dstSubfolderSpec = 10;
			files = (
			);
			runOnlyForDeploymentPostprocessing = 0;
		};
/* End PBXCopyFilesBuildPhase section */

/* Begin PBXFileReference section */
		1058C7A1FEA54F0111CA2CBB /* Cocoa.framework */ = {isa = PBXFileReference; lastKnownFileType = wrapper.framework; name = Cocoa.framework; path = /System/Library/Frameworks/Cocoa.framework; sourceTree = "<absolute>"; };
		13E42FB307B3F0F600E4EEF1 /* CoreData.framework */ = {isa = PBXFileReference; lastKnownFileType = wrapper.framework; name = CoreData.framework; path = /System/Library/Frameworks/CoreData.framework; sourceTree = "<absolute>"; };
		29B97324FDCFA39411CA2CEA /* AppKit.framework */ = {isa = PBXFileReference; lastKnownFileType = wrapper.framework; name = AppKit.framework; path = /System/Library/Frameworks/AppKit.framework; sourceTree = "<absolute>"; };
		29B97325FDCFA39411CA2CEA /* Foundation.framework */ = {isa = PBXFileReference; lastKnownFileType = wrapper.framework; name = Foundation.framework; path = /System/Library/Frameworks/Foundation.framework; sourceTree = "<absolute>"; };
		4D786F5C0EFD616900443870 /* Hands */ = {isa = PBXFileReference; lastKnownFileType = folder; path = Hands; sourceTree = "<group>"; };
		4D79A7F617946D2700FB5BAB /* NSImage+ProportionalScaling.h */ = {isa = PBXFileReference; lastKnownFileType = sourcecode.c.h; name = "NSImage+ProportionalScaling.h"; path = "Classes/NSImage+ProportionalScaling.h"; sourceTree = "<group>"; };
		4D79A7F717946D2700FB5BAB /* NSImage+ProportionalScaling.m */ = {isa = PBXFileReference; lastKnownFileType = sourcecode.c.objc; name = "NSImage+ProportionalScaling.m"; path = "Classes/NSImage+ProportionalScaling.m"; sourceTree = "<group>"; };
		4D79A7F817946D3300FB5BAB /* NSWindow+Transforms.h */ = {isa = PBXFileReference; lastKnownFileType = sourcecode.c.h; name = "NSWindow+Transforms.h"; path = "Classes/NSWindow+Transforms.h"; sourceTree = "<group>"; };
		4D79A7F917946D3300FB5BAB /* NSWindow+Transforms.m */ = {isa = PBXFileReference; lastKnownFileType = sourcecode.c.objc; name = "NSWindow+Transforms.m"; path = "Classes/NSWindow+Transforms.m"; sourceTree = "<group>"; };
		4D79A7FB17946D3D00FB5BAB /* CoreGraphicsServices.h */ = {isa = PBXFileReference; lastKnownFileType = sourcecode.c.h; name = CoreGraphicsServices.h; path = Classes/CoreGraphicsServices.h; sourceTree = "<group>"; };
		4D79A7FC17946D4700FB5BAB /* PFAppDelegate.h */ = {isa = PBXFileReference; lastKnownFileType = sourcecode.c.h; name = PFAppDelegate.h; path = Classes/PFAppDelegate.h; sourceTree = "<group>"; };
		4D79A7FD17946D4700FB5BAB /* PFAppDelegate.m */ = {isa = PBXFileReference; lastKnownFileType = sourcecode.c.objc; name = PFAppDelegate.m; path = Classes/PFAppDelegate.m; sourceTree = "<group>"; };
		4D79A7FE17946D4700FB5BAB /* PFFingerprintWindow.h */ = {isa = PBXFileReference; lastKnownFileType = sourcecode.c.h; name = PFFingerprintWindow.h; path = Classes/PFFingerprintWindow.h; sourceTree = "<group>"; };
		4D79A7FF17946D4700FB5BAB /* PFFingerprintWindow.m */ = {isa = PBXFileReference; lastKnownFileType = sourcecode.c.objc; name = PFFingerprintWindow.m; path = Classes/PFFingerprintWindow.m; sourceTree = "<group>"; };
		4D79A80017946D4700FB5BAB /* PFHand.h */ = {isa = PBXFileReference; lastKnownFileType = sourcecode.c.h; name = PFHand.h; path = Classes/PFHand.h; sourceTree = "<group>"; };
		4D79A80117946D4700FB5BAB /* PFHand.m */ = {isa = PBXFileReference; lastKnownFileType = sourcecode.c.objc; name = PFHand.m; path = Classes/PFHand.m; sourceTree = "<group>"; };
		4D79A80217946D4700FB5BAB /* PFHandWindow.h */ = {isa = PBXFileReference; lastKnownFileType = sourcecode.c.h; name = PFHandWindow.h; path = Classes/PFHandWindow.h; sourceTree = "<group>"; };
		4D79A80317946D4700FB5BAB /* PFHandWindow.m */ = {isa = PBXFileReference; lastKnownFileType = sourcecode.c.objc; name = PFHandWindow.m; path = Classes/PFHandWindow.m; sourceTree = "<group>"; };
		4D79A80817946D6800FB5BAB /* English */ = {isa = PBXFileReference; lastKnownFileType = file.xib; name = English; path = MainMenu.xib; sourceTree = "<group>"; };
		4D79A80917946D6800FB5BAB /* fingerprint1.png */ = {isa = PBXFileReference; lastKnownFileType = image.png; name = fingerprint1.png; path = Resources/fingerprint1.png; sourceTree = "<group>"; };
		4D79A80A17946D6800FB5BAB /* HandBundleIcon.icns */ = {isa = PBXFileReference; lastKnownFileType = image.icns; name = HandBundleIcon.icns; path = Resources/HandBundleIcon.icns; sourceTree = "<group>"; };
		4D79A80B17946D6800FB5BAB /* Info.plist */ = {isa = PBXFileReference; fileEncoding = 4; lastKnownFileType = text.plist.xml; name = Info.plist; path = Resources/Info.plist; sourceTree = "<group>"; };
		4D79A81E17946DAA00FB5BAB /* PhoneFinger_Prefix.pch */ = {isa = PBXFileReference; lastKnownFileType = sourcecode.c.h; path = PhoneFinger_Prefix.pch; sourceTree = "<group>"; };
		4D79A81F17946DBE00FB5BAB /* main.m */ = {isa = PBXFileReference; fileEncoding = 4; lastKnownFileType = sourcecode.c.objc; name = main.m; path = Classes/main.m; sourceTree = "<group>"; };
		4D79A82117946E2800FB5BAB /* iPhoneFinger.icns */ = {isa = PBXFileReference; lastKnownFileType = image.icns; path = iPhoneFinger.icns; sourceTree = "<group>"; };
		4D79A82917946F2800FB5BAB /* PhoneFinger Help */ = {isa = PBXFileReference; lastKnownFileType = folder; name = "PhoneFinger Help"; path = "Resources/PhoneFinger Help"; sourceTree = "<group>"; };
		8D1107320486CEB800E47090 /* PhoneFinger.app */ = {isa = PBXFileReference; explicitFileType = wrapper.application; includeInIndex = 0; path = PhoneFinger.app; sourceTree = BUILT_PRODUCTS_DIR; };
/* End PBXFileReference section */

/* Begin PBXFrameworksBuildPhase section */
		8D11072E0486CEB800E47090 /* Frameworks */ = {
			isa = PBXFrameworksBuildPhase;
			buildActionMask = 2147483647;
			files = (
				8D11072F0486CEB800E47090 /* Cocoa.framework in Frameworks */,
			);
			runOnlyForDeploymentPostprocessing = 0;
		};
/* End PBXFrameworksBuildPhase section */

/* Begin PBXGroup section */
		080E96DDFE201D6D7F000001 /* Classes */ = {
			isa = PBXGroup;
			children = (
				4D79A7FC17946D4700FB5BAB /* PFAppDelegate.h */,
				4D79A7FD17946D4700FB5BAB /* PFAppDelegate.m */,
				4D79A7FE17946D4700FB5BAB /* PFFingerprintWindow.h */,
				4D79A7FF17946D4700FB5BAB /* PFFingerprintWindow.m */,
				4D79A80017946D4700FB5BAB /* PFHand.h */,
				4D79A80117946D4700FB5BAB /* PFHand.m */,
				4D79A80217946D4700FB5BAB /* PFHandWindow.h */,
				4D79A80317946D4700FB5BAB /* PFHandWindow.m */,
			);
			name = Classes;
			sourceTree = "<group>";
		};
		1058C7A0FEA54F0111CA2CBB /* Linked Frameworks */ = {
			isa = PBXGroup;
			children = (
				1058C7A1FEA54F0111CA2CBB /* Cocoa.framework */,
			);
			name = "Linked Frameworks";
			sourceTree = "<group>";
		};
		1058C7A2FEA54F0111CA2CBB /* Other Frameworks */ = {
			isa = PBXGroup;
			children = (
				29B97324FDCFA39411CA2CEA /* AppKit.framework */,
				13E42FB307B3F0F600E4EEF1 /* CoreData.framework */,
				29B97325FDCFA39411CA2CEA /* Foundation.framework */,
			);
			name = "Other Frameworks";
			sourceTree = "<group>";
		};
		19C28FACFE9D520D11CA2CBB /* Products */ = {
			isa = PBXGroup;
			children = (
				8D1107320486CEB800E47090 /* PhoneFinger.app */,
			);
			name = Products;
			sourceTree = "<group>";
		};
		29B97314FDCFA39411CA2CEA /* PhoneFinger */ = {
			isa = PBXGroup;
			children = (
				080E96DDFE201D6D7F000001 /* Classes */,
				29B97315FDCFA39411CA2CEA /* Other Sources */,
				29B97317FDCFA39411CA2CEA /* Resources */,
				29B97323FDCFA39411CA2CEA /* Frameworks */,
				19C28FACFE9D520D11CA2CBB /* Products */,
			);
			name = PhoneFinger;
			sourceTree = "<group>";
		};
		29B97315FDCFA39411CA2CEA /* Other Sources */ = {
			isa = PBXGroup;
			children = (
				4D79A81E17946DAA00FB5BAB /* PhoneFinger_Prefix.pch */,
				4D79A7FB17946D3D00FB5BAB /* CoreGraphicsServices.h */,
				4D79A7F617946D2700FB5BAB /* NSImage+ProportionalScaling.h */,
				4D79A7F717946D2700FB5BAB /* NSImage+ProportionalScaling.m */,
				4D79A7F817946D3300FB5BAB /* NSWindow+Transforms.h */,
				4D79A7F917946D3300FB5BAB /* NSWindow+Transforms.m */,
				4D79A81F17946DBE00FB5BAB /* main.m */,
			);
			name = "Other Sources";
			sourceTree = "<group>";
		};
		29B97317FDCFA39411CA2CEA /* Resources */ = {
			isa = PBXGroup;
			children = (
				4D79A82917946F2800FB5BAB /* PhoneFinger Help */,
				4D79A82117946E2800FB5BAB /* iPhoneFinger.icns */,
				4D79A80717946D6800FB5BAB /* MainMenu.xib */,
				4D79A80917946D6800FB5BAB /* fingerprint1.png */,
				4D79A80A17946D6800FB5BAB /* HandBundleIcon.icns */,
				4D79A80B17946D6800FB5BAB /* Info.plist */,
				4D786F5C0EFD616900443870 /* Hands */,
			);
			name = Resources;
			sourceTree = "<group>";
		};
		29B97323FDCFA39411CA2CEA /* Frameworks */ = {
			isa = PBXGroup;
			children = (
				1058C7A0FEA54F0111CA2CBB /* Linked Frameworks */,
				1058C7A2FEA54F0111CA2CBB /* Other Frameworks */,
			);
			name = Frameworks;
			sourceTree = "<group>";
		};
/* End PBXGroup section */

/* Begin PBXNativeTarget section */
		8D1107260486CEB800E47090 /* PhoneFinger */ = {
			isa = PBXNativeTarget;
			buildConfigurationList = C01FCF4A08A954540054247B /* Build configuration list for PBXNativeTarget "PhoneFinger" */;
			buildPhases = (
				4DF381E90DF9F9D60095214E /* CopyFiles */,
				8D1107290486CEB800E47090 /* Resources */,
				8D11072C0486CEB800E47090 /* Sources */,
				8D11072E0486CEB800E47090 /* Frameworks */,
			);
			buildRules = (
			);
			dependencies = (
			);
			name = PhoneFinger;
			productInstallPath = "$(HOME)/Applications";
			productName = PhoneFinger;
			productReference = 8D1107320486CEB800E47090 /* PhoneFinger.app */;
			productType = "com.apple.product-type.application";
		};
/* End PBXNativeTarget section */

/* Begin PBXProject section */
		29B97313FDCFA39411CA2CEA /* Project object */ = {
			isa = PBXProject;
			attributes = {
				LastUpgradeCheck = 0460;
			};
			buildConfigurationList = C01FCF4E08A954540054247B /* Build configuration list for PBXProject "PhoneFinger" */;
			compatibilityVersion = "Xcode 3.2";
			developmentRegion = English;
			hasScannedForEncodings = 1;
			knownRegions = (
				en,
				English,
			);
			mainGroup = 29B97314FDCFA39411CA2CEA /* PhoneFinger */;
			projectDirPath = "";
			projectRoot = "";
			targets = (
				8D1107260486CEB800E47090 /* PhoneFinger */,
			);
		};
/* End PBXProject section */

/* Begin PBXResourcesBuildPhase section */
		8D1107290486CEB800E47090 /* Resources */ = {
			isa = PBXResourcesBuildPhase;
			buildActionMask = 2147483647;
			files = (
				4D786F6D0EFD616900443870 /* Hands in Resources */,
				4D79A81417946D6800FB5BAB /* MainMenu.xib in Resources */,
				4D79A81517946D6800FB5BAB /* fingerprint1.png in Resources */,
				4D79A81617946D6800FB5BAB /* HandBundleIcon.icns in Resources */,
				4D79A82217946E2800FB5BAB /* iPhoneFinger.icns in Resources */,
				4D79A82A17946F2800FB5BAB /* PhoneFinger Help in Resources */,
			);
			runOnlyForDeploymentPostprocessing = 0;
		};
/* End PBXResourcesBuildPhase section */

/* Begin PBXSourcesBuildPhase section */
		8D11072C0486CEB800E47090 /* Sources */ = {
			isa = PBXSourcesBuildPhase;
			buildActionMask = 2147483647;
			files = (
				4D79A82017946DBE00FB5BAB /* main.m in Sources */,
				4D79A82317946EFB00FB5BAB /* PFAppDelegate.m in Sources */,
				4D79A82417946F0400FB5BAB /* PFFingerprintWindow.m in Sources */,
				4D79A82517946F0400FB5BAB /* PFHand.m in Sources */,
				4D79A82617946F0400FB5BAB /* PFHandWindow.m in Sources */,
				4D79A82717946F0400FB5BAB /* NSImage+ProportionalScaling.m in Sources */,
				4D79A82817946F0400FB5BAB /* NSWindow+Transforms.m in Sources */,
			);
			runOnlyForDeploymentPostprocessing = 0;
		};
/* End PBXSourcesBuildPhase section */

/* Begin PBXVariantGroup section */
		4D79A80717946D6800FB5BAB /* MainMenu.xib */ = {
			isa = PBXVariantGroup;
			children = (
				4D79A80817946D6800FB5BAB /* English */,
			);
			name = MainMenu.xib;
			path = Resources/English.lproj;
			sourceTree = "<group>";
		};
/* End PBXVariantGroup section */

/* Begin XCBuildConfiguration section */
		C01FCF4B08A954540054247B /* Debug */ = {
			isa = XCBuildConfiguration;
			buildSettings = {
				ALWAYS_SEARCH_USER_PATHS = NO;
				COMBINE_HIDPI_IMAGES = YES;
				COPY_PHASE_STRIP = NO;
				FRAMEWORK_SEARCH_PATHS = (
					"$(inherited)",
					"\"$(SRCROOT)\"",
				);
				GCC_C_LANGUAGE_STANDARD = c99;
				GCC_DYNAMIC_NO_PIC = NO;
				GCC_MODEL_TUNING = G5;
				GCC_OPTIMIZATION_LEVEL = 0;
				GCC_PRECOMPILE_PREFIX_HEADER = YES;
				GCC_PREFIX_HEADER = PhoneFinger_Prefix.pch;
				INFOPLIST_FILE = "$(SRCROOT)/Resources/Info.plist";
				INSTALL_PATH = "$(HOME)/Applications";
				MACOSX_DEPLOYMENT_TARGET = 10.4;
				PRODUCT_NAME = PhoneFinger;
				SDKROOT = macosx;
			};
			name = Debug;
		};
		C01FCF4C08A954540054247B /* Release */ = {
			isa = XCBuildConfiguration;
			buildSettings = {
				ALWAYS_SEARCH_USER_PATHS = NO;
				COMBINE_HIDPI_IMAGES = YES;
				DEBUG_INFORMATION_FORMAT = "dwarf-with-dsym";
				FRAMEWORK_SEARCH_PATHS = (
					"$(inherited)",
					"\"$(SRCROOT)\"",
				);
				GCC_C_LANGUAGE_STANDARD = c99;
				GCC_MODEL_TUNING = G5;
				GCC_PRECOMPILE_PREFIX_HEADER = YES;
				GCC_PREFIX_HEADER = PhoneFinger_Prefix.pch;
				INFOPLIST_FILE = "$(SRCROOT)/Resources/Info.plist";
				INSTALL_PATH = "$(HOME)/Applications";
				MACOSX_DEPLOYMENT_TARGET = 10.4;
				PRODUCT_NAME = PhoneFinger;
				SDKROOT = macosx;
			};
			name = Release;
		};
		C01FCF4F08A954540054247B /* Debug */ = {
			isa = XCBuildConfiguration;
			buildSettings = {
				ALWAYS_SEARCH_USER_PATHS = NO;
				ARCHS = "$(ARCHS_STANDARD_32_BIT)";
				GCC_OPTIMIZATION_LEVEL = 0;
				GCC_WARN_ABOUT_RETURN_TYPE = YES;
				GCC_WARN_UNUSED_VARIABLE = YES;
				ONLY_ACTIVE_ARCH = YES;
				SDKROOT = macosx;
			};
			name = Debug;
		};
		C01FCF5008A954540054247B /* Release */ = {
			isa = XCBuildConfiguration;
			buildSettings = {
				ALWAYS_SEARCH_USER_PATHS = NO;
				ARCHS = "$(ARCHS_STANDARD_32_BIT)";
				GCC_WARN_ABOUT_RETURN_TYPE = YES;
				GCC_WARN_UNUSED_VARIABLE = YES;
				SDKROOT = macosx;
			};
			name = Release;
		};
/* End XCBuildConfiguration section */

/* Begin XCConfigurationList section */
		C01FCF4A08A954540054247B /* Build configuration list for PBXNativeTarget "PhoneFinger" */ = {
			isa = XCConfigurationList;
			buildConfigurations = (
				C01FCF4B08A954540054247B /* Debug */,
				C01FCF4C08A954540054247B /* Release */,
			);
			defaultConfigurationIsVisible = 0;
			defaultConfigurationName = Release;
		};
		C01FCF4E08A954540054247B /* Build configuration list for PBXProject "PhoneFinger" */ = {
			isa = XCConfigurationList;
			buildConfigurations = (
				C01FCF4F08A954540054247B /* Debug */,
				C01FCF5008A954540054247B /* Release */,
			);
			defaultConfigurationIsVisible = 0;
			defaultConfigurationName = Release;
		};
/* End XCConfigurationList section */
	};
	rootObject = 29B97313FDCFA39411CA2CEA /* Project object */;
}
